{
  "name": "tmb-host",
  "version": "0.1.0",
  "lockfileVersion": 2,
  "requires": true,
  "packages": {
    "": {
      "name": "tmb-host",
      "version": "0.1.0",
      "license": "ISC",
      "dependencies": {
        "@ellementul/uee-timeticker": "^1.4.7",
        "@ellementul/uee-ws-browser-transport": "^0.5.1",
        "@ellementul/uee-ws-transport": "^0.7.2",
        "@ellementul/united-events-environment": "^1.6.1",
        "detect-collisions": "^9.1.1",
        "yaml": "^2.3.2"
      }
    },
    "node_modules/@ellementul/message-types": {
      "version": "2.3.1",
      "resolved": "https://registry.npmjs.org/@ellementul/message-types/-/message-types-2.3.1.tgz",
      "integrity": "sha512-zz54eEt2qF00oqCh855cw/7BvhX/ORJIDh/P+Lcj/xjoIafZcOa4CEZSJg0EozWJ22gnPb+clMHuC7lb/z+cVg==",
      "dependencies": {
        "uuid": "^9.0.0"
      }
    },
    "node_modules/@ellementul/message-types/node_modules/uuid": {
      "version": "9.0.1",
      "resolved": "https://registry.npmjs.org/uuid/-/uuid-9.0.1.tgz",
      "integrity": "sha512-b+1eJOlsR9K8HJpow9Ok3fiWOWSIcIzXodvv0rQjVoOVNpWMpxf1wZNpt4y9h10odCNrqnYp1OBzRktckBe3sA==",
      "funding": [
        "https://github.com/sponsors/broofa",
        "https://github.com/sponsors/ctavan"
      ],
      "bin": {
        "uuid": "dist/bin/uuid"
      }
    },
    "node_modules/@ellementul/simple-uee-manager": {
      "version": "0.9.0",
      "resolved": "https://registry.npmjs.org/@ellementul/simple-uee-manager/-/simple-uee-manager-0.9.0.tgz",
      "integrity": "sha512-hOztuAONqQlfTuSLCoqj9kKtKLtZqNVvIUN8MMRuuDB6OdRa4a1tJpVX1vPi7yujbILJ4lUozu99mjsLwubNDw==",
      "dependencies": {
        "@ellementul/uee-core": "^1.1.0"
      }
    },
    "node_modules/@ellementul/uee-core": {
      "version": "1.5.1",
      "resolved": "https://registry.npmjs.org/@ellementul/uee-core/-/uee-core-1.5.1.tgz",
      "integrity": "sha512-Uh7VPKlhqH4L1naUlAiA6PgbtH4c9hWbEF/J+1QTCOBJOX91dSMJhly5vQGjX9DGhONdiEnAeCekxeYl/YJsxw==",
      "dependencies": {
        "@ellementul/message-types": "^2.3.1",
        "deepmerge": "^4.3.1",
        "uuid": "^8.3.2",
        "uuid-by-string": "^4.0.0"
      }
    },
    "node_modules/@ellementul/uee-timeticker": {
      "version": "1.5.0",
      "resolved": "https://registry.npmjs.org/@ellementul/uee-timeticker/-/uee-timeticker-1.5.0.tgz",
      "integrity": "sha512-KITgmTKgZkUTNRA7RbFQIywPd1SE0AWfXXsS+adC45mmj5JGBhlJRC9WYL6Kdpf9nGk1djTFTQikUk/V6jGqVQ==",
      "dependencies": {
        "@ellementul/uee-core": "^1.1.2"
      }
    },
    "node_modules/@ellementul/uee-ws-browser-transport": {
      "version": "0.5.1",
      "resolved": "https://registry.npmjs.org/@ellementul/uee-ws-browser-transport/-/uee-ws-browser-transport-0.5.1.tgz",
      "integrity": "sha512-2O7CfwNJebzRYnkwtejc8YOop395nYkQ8Z99Ht+H/cRCfWDJto2p5NniPG/+yrrirHZs8qYaRByFzQ0sXn+0Vg==",
      "dependencies": {
        "@ellementul/uee-core": "^1.2.2",
        "ws": "^8.11.0"
      }
    },
    "node_modules/@ellementul/uee-ws-transport": {
      "version": "0.7.2",
      "resolved": "https://registry.npmjs.org/@ellementul/uee-ws-transport/-/uee-ws-transport-0.7.2.tgz",
      "integrity": "sha512-5FqTJp/6zlB/ctS7cg3SrP+JEcjux7fNlQqIcgt719QlenYECIUrIqcWuq+jUNMuKtteVnmyQ4+hSp3I2jHMVQ==",
      "dependencies": {
        "@ellementul/uee-core": "^1.2.2",
        "ws": "^8.11.0"
      }
    },
    "node_modules/@ellementul/united-events-environment": {
      "version": "1.6.1",
      "resolved": "https://registry.npmjs.org/@ellementul/united-events-environment/-/united-events-environment-1.6.1.tgz",
      "integrity": "sha512-AUJMUIamfZPGTqrGixJOFo6yKkkq92h0XOV/dLnHAEoEn4To1tBOhPCQcc7uba99ITG3VI+c6PEkkMNoCiZucg==",
      "dependencies": {
        "@ellementul/simple-uee-manager": "^0.9.0",
        "@ellementul/uee-core": "^1.5.1",
        "@ellementul/uee-timeticker": "^1.4.0",
        "@ellementul/uee-ws-transport": "^0.7.2",
        "app-root-path": "^3.1.0"
      }
    },
    "node_modules/@types/rbush": {
      "version": "3.0.0",
      "resolved": "https://registry.npmjs.org/@types/rbush/-/rbush-3.0.0.tgz",
      "integrity": "sha512-W3ue/GYWXBOpkRm0VSoifrP3HV0Ni47aVJWvXyWMcbtpBy/l/K/smBRiJ+fI8f7shXRjZBiux+iJzYbh7VmcZg=="
    },
    "node_modules/@types/sat": {
      "version": "0.0.32",
      "resolved": "https://registry.npmjs.org/@types/sat/-/sat-0.0.32.tgz",
      "integrity": "sha512-8NNFy0zS/k1N7d9aJ0PpqV2hJoMLxlLN17GAqItd1t60CBvzfKRC9uWUzBNuhup51aUy9o87toQk/NWHctWRtw=="
    },
    "node_modules/app-root-path": {
      "version": "3.1.0",
      "resolved": "https://registry.npmjs.org/app-root-path/-/app-root-path-3.1.0.tgz",
      "integrity": "sha512-biN3PwB2gUtjaYy/isrU3aNWI5w+fAfvHkSvCKeQGxhmYpwKFUxudR3Yya+KqVRHBmEDYh+/lTozYCFbmzX4nA==",
      "engines": {
        "node": ">= 6.0.0"
      }
    },
    "node_modules/deepmerge": {
      "version": "4.3.1",
      "resolved": "https://registry.npmjs.org/deepmerge/-/deepmerge-4.3.1.tgz",
      "integrity": "sha512-3sUqbMEc77XqpdNO7FRyRog+eW3ph+GYCbj+rK+uYyRMuwsVy0rMiVtPn+QJlKFvWP/1PYpapqYn0Me2knFn+A==",
      "engines": {
        "node": ">=0.10.0"
      }
    },
    "node_modules/detect-collisions": {
      "version": "9.2.2",
      "resolved": "https://registry.npmjs.org/detect-collisions/-/detect-collisions-9.2.2.tgz",
      "integrity": "sha512-yQy8ynhf4SawiorQ23wY128nyR9hQt0u07b5aoBB5OfOxsGq17qScUqgxJn7cndcO+kHwTMxJk9Pf/2Xl3C6SA==",
      "dependencies": {
        "@types/rbush": "^3.0.0",
        "@types/sat": "^0.0.32",
        "poly-decomp": "^0.3.0",
        "rbush": "^3.0.1",
        "sat": "^0.9.0"
      }
    },
    "node_modules/js-md5": {
      "version": "0.7.3",
      "resolved": "https://registry.npmjs.org/js-md5/-/js-md5-0.7.3.tgz",
      "integrity": "sha512-ZC41vPSTLKGwIRjqDh8DfXoCrdQIyBgspJVPXHBGu4nZlAEvG3nf+jO9avM9RmLiGakg7vz974ms99nEV0tmTQ=="
    },
    "node_modules/js-sha1": {
      "version": "0.6.0",
      "resolved": "https://registry.npmjs.org/js-sha1/-/js-sha1-0.6.0.tgz",
      "integrity": "sha512-01gwBFreYydzmU9BmZxpVk6svJJHrVxEN3IOiGl6VO93bVKYETJ0sIth6DASI6mIFdt7NmfX9UiByRzsYHGU9w=="
    },
    "node_modules/poly-decomp": {
      "version": "0.3.0",
      "resolved": "https://registry.npmjs.org/poly-decomp/-/poly-decomp-0.3.0.tgz",
      "integrity": "sha512-hWeBxGzPYiybmI4548Fca7Up/0k1qS5+79cVHI9+H33dKya5YNb9hxl0ZnDaDgvrZSuYFBhkCK/HOnqN7gefkQ==",
      "engines": {
        "node": "*"
      }
    },
    "node_modules/quickselect": {
      "version": "2.0.0",
      "resolved": "https://registry.npmjs.org/quickselect/-/quickselect-2.0.0.tgz",
      "integrity": "sha512-RKJ22hX8mHe3Y6wH/N3wCM6BWtjaxIyyUIkpHOvfFnxdI4yD4tBXEBKSbriGujF6jnSVkJrffuo6vxACiSSxIw=="
    },
    "node_modules/rbush": {
      "version": "3.0.1",
      "resolved": "https://registry.npmjs.org/rbush/-/rbush-3.0.1.tgz",
      "integrity": "sha512-XRaVO0YecOpEuIvbhbpTrZgoiI6xBlz6hnlr6EHhd+0x9ase6EmeN+hdwwUaJvLcsFFQ8iWVF1GAK1yB0BWi0w==",
      "dependencies": {
        "quickselect": "^2.0.0"
      }
    },
    "node_modules/sat": {
      "version": "0.9.0",
      "resolved": "https://registry.npmjs.org/sat/-/sat-0.9.0.tgz",
      "integrity": "sha512-mxdv5RZJO4tdMnUURGU3gAMcnDUEwcNJwE+lPO0/V+rBeDvFLH3wEZEOR0fH7cTN0zQaNxBEbHnyQL9DzupwQQ=="
    },
    "node_modules/uuid": {
      "version": "8.3.2",
      "resolved": "https://registry.npmjs.org/uuid/-/uuid-8.3.2.tgz",
      "integrity": "sha512-+NYs2QeMWy+GWFOEm9xnn6HCDp0l7QBD7ml8zLUmJ+93Q5NF0NocErnwkTkXVFNiX3/fpC6afS8Dhb/gz7R7eg==",
      "bin": {
        "uuid": "dist/bin/uuid"
      }
    },
    "node_modules/uuid-by-string": {
      "version": "4.0.0",
      "resolved": "https://registry.npmjs.org/uuid-by-string/-/uuid-by-string-4.0.0.tgz",
      "integrity": "sha512-88ZSfcSkN04juiLqSsuyteqlSrXNFdsEPzSv3urnElDXNsZUXQN0smeTnh99x2DE15SCUQNgqKBfro54CuzHNQ==",
      "dependencies": {
        "js-md5": "^0.7.3",
        "js-sha1": "^0.6.0"
      }
    },
    "node_modules/ws": {
      "version": "8.14.1",
      "resolved": "https://registry.npmjs.org/ws/-/ws-8.14.1.tgz",
      "integrity": "sha512-4OOseMUq8AzRBI/7SLMUwO+FEDnguetSk7KMb1sHwvF2w2Wv5Hoj0nlifx8vtGsftE/jWHojPy8sMMzYLJ2G/A==",
      "engines": {
        "node": ">=10.0.0"
      },
      "peerDependencies": {
        "bufferutil": "^4.0.1",
        "utf-8-validate": ">=5.0.2"
      },
      "peerDependenciesMeta": {
        "bufferutil": {
          "optional": true
        },
        "utf-8-validate": {
          "optional": true
        }
      }
    },
    "node_modules/yaml": {
      "version": "2.3.2",
      "resolved": "https://registry.npmjs.org/yaml/-/yaml-2.3.2.tgz",
      "integrity": "sha512-N/lyzTPaJasoDmfV7YTrYCI0G/3ivm/9wdG0aHuheKowWQwGTsK0Eoiw6utmzAnI6pkJa0DUVygvp3spqqEKXg==",
      "engines": {
        "node": ">= 14"
      }
    }
  },
  "dependencies": {
    "@ellementul/message-types": {
      "version": "2.3.1",
      "resolved": "https://registry.npmjs.org/@ellementul/message-types/-/message-types-2.3.1.tgz",
      "integrity": "sha512-zz54eEt2qF00oqCh855cw/7BvhX/ORJIDh/P+Lcj/xjoIafZcOa4CEZSJg0EozWJ22gnPb+clMHuC7lb/z+cVg==",
      "requires": {
        "uuid": "^9.0.0"
      },
      "dependencies": {
        "uuid": {
          "version": "9.0.1",
          "resolved": "https://registry.npmjs.org/uuid/-/uuid-9.0.1.tgz",
          "integrity": "sha512-b+1eJOlsR9K8HJpow9Ok3fiWOWSIcIzXodvv0rQjVoOVNpWMpxf1wZNpt4y9h10odCNrqnYp1OBzRktckBe3sA=="
        }
      }
    },
    "@ellementul/simple-uee-manager": {
      "version": "0.9.0",
      "resolved": "https://registry.npmjs.org/@ellementul/simple-uee-manager/-/simple-uee-manager-0.9.0.tgz",
      "integrity": "sha512-hOztuAONqQlfTuSLCoqj9kKtKLtZqNVvIUN8MMRuuDB6OdRa4a1tJpVX1vPi7yujbILJ4lUozu99mjsLwubNDw==",
      "requires": {
        "@ellementul/uee-core": "^1.1.0"
      }
    },
    "@ellementul/uee-core": {
      "version": "1.5.1",
      "resolved": "https://registry.npmjs.org/@ellementul/uee-core/-/uee-core-1.5.1.tgz",
      "integrity": "sha512-Uh7VPKlhqH4L1naUlAiA6PgbtH4c9hWbEF/J+1QTCOBJOX91dSMJhly5vQGjX9DGhONdiEnAeCekxeYl/YJsxw==",
      "requires": {
        "@ellementul/message-types": "^2.3.1",
        "deepmerge": "^4.3.1",
        "uuid": "^8.3.2",
        "uuid-by-string": "^4.0.0"
      }
    },
    "@ellementul/uee-timeticker": {
      "version": "1.5.0",
      "resolved": "https://registry.npmjs.org/@ellementul/uee-timeticker/-/uee-timeticker-1.5.0.tgz",
      "integrity": "sha512-KITgmTKgZkUTNRA7RbFQIywPd1SE0AWfXXsS+adC45mmj5JGBhlJRC9WYL6Kdpf9nGk1djTFTQikUk/V6jGqVQ==",
      "requires": {
        "@ellementul/uee-core": "^1.1.2"
      }
    },
    "@ellementul/uee-ws-browser-transport": {
      "version": "0.5.1",
      "resolved": "https://registry.npmjs.org/@ellementul/uee-ws-browser-transport/-/uee-ws-browser-transport-0.5.1.tgz",
      "integrity": "sha512-2O7CfwNJebzRYnkwtejc8YOop395nYkQ8Z99Ht+H/cRCfWDJto2p5NniPG/+yrrirHZs8qYaRByFzQ0sXn+0Vg==",
      "requires": {
        "@ellementul/uee-core": "^1.2.2",
        "ws": "^8.11.0"
      }
    },
    "@ellementul/uee-ws-transport": {
      "version": "0.7.2",
      "resolved": "https://registry.npmjs.org/@ellementul/uee-ws-transport/-/uee-ws-transport-0.7.2.tgz",
      "integrity": "sha512-5FqTJp/6zlB/ctS7cg3SrP+JEcjux7fNlQqIcgt719QlenYECIUrIqcWuq+jUNMuKtteVnmyQ4+hSp3I2jHMVQ==",
      "requires": {
        "@ellementul/uee-core": "^1.2.2",
        "ws": "^8.11.0"
      }
    },
    "@ellementul/united-events-environment": {
      "version": "1.6.1",
      "resolved": "https://registry.npmjs.org/@ellementul/united-events-environment/-/united-events-environment-1.6.1.tgz",
      "integrity": "sha512-AUJMUIamfZPGTqrGixJOFo6yKkkq92h0XOV/dLnHAEoEn4To1tBOhPCQcc7uba99ITG3VI+c6PEkkMNoCiZucg==",
      "requires": {
        "@ellementul/simple-uee-manager": "^0.9.0",
        "@ellementul/uee-core": "^1.5.1",
        "@ellementul/uee-timeticker": "^1.4.0",
        "@ellementul/uee-ws-transport": "^0.7.2",
        "app-root-path": "^3.1.0"
      }
    },
    "@types/rbush": {
      "version": "3.0.0",
      "resolved": "https://registry.npmjs.org/@types/rbush/-/rbush-3.0.0.tgz",
      "integrity": "sha512-W3ue/GYWXBOpkRm0VSoifrP3HV0Ni47aVJWvXyWMcbtpBy/l/K/smBRiJ+fI8f7shXRjZBiux+iJzYbh7VmcZg=="
    },
    "@types/sat": {
      "version": "0.0.32",
      "resolved": "https://registry.npmjs.org/@types/sat/-/sat-0.0.32.tgz",
      "integrity": "sha512-8NNFy0zS/k1N7d9aJ0PpqV2hJoMLxlLN17GAqItd1t60CBvzfKRC9uWUzBNuhup51aUy9o87toQk/NWHctWRtw=="
    },
    "app-root-path": {
      "version": "3.1.0",
      "resolved": "https://registry.npmjs.org/app-root-path/-/app-root-path-3.1.0.tgz",
      "integrity": "sha512-biN3PwB2gUtjaYy/isrU3aNWI5w+fAfvHkSvCKeQGxhmYpwKFUxudR3Yya+KqVRHBmEDYh+/lTozYCFbmzX4nA=="
    },
    "deepmerge": {
      "version": "4.3.1",
      "resolved": "https://registry.npmjs.org/deepmerge/-/deepmerge-4.3.1.tgz",
      "integrity": "sha512-3sUqbMEc77XqpdNO7FRyRog+eW3ph+GYCbj+rK+uYyRMuwsVy0rMiVtPn+QJlKFvWP/1PYpapqYn0Me2knFn+A=="
    },
    "detect-collisions": {
      "version": "9.2.2",
      "resolved": "https://registry.npmjs.org/detect-collisions/-/detect-collisions-9.2.2.tgz",
      "integrity": "sha512-yQy8ynhf4SawiorQ23wY128nyR9hQt0u07b5aoBB5OfOxsGq17qScUqgxJn7cndcO+kHwTMxJk9Pf/2Xl3C6SA==",
      "requires": {
        "@types/rbush": "^3.0.0",
        "@types/sat": "^0.0.32",
        "poly-decomp": "^0.3.0",
        "rbush": "^3.0.1",
        "sat": "^0.9.0"
      }
    },
    "js-md5": {
      "version": "0.7.3",
      "resolved": "https://registry.npmjs.org/js-md5/-/js-md5-0.7.3.tgz",
      "integrity": "sha512-ZC41vPSTLKGwIRjqDh8DfXoCrdQIyBgspJVPXHBGu4nZlAEvG3nf+jO9avM9RmLiGakg7vz974ms99nEV0tmTQ=="
    },
    "js-sha1": {
      "version": "0.6.0",
      "resolved": "https://registry.npmjs.org/js-sha1/-/js-sha1-0.6.0.tgz",
      "integrity": "sha512-01gwBFreYydzmU9BmZxpVk6svJJHrVxEN3IOiGl6VO93bVKYETJ0sIth6DASI6mIFdt7NmfX9UiByRzsYHGU9w=="
    },
    "poly-decomp": {
      "version": "0.3.0",
      "resolved": "https://registry.npmjs.org/poly-decomp/-/poly-decomp-0.3.0.tgz",
      "integrity": "sha512-hWeBxGzPYiybmI4548Fca7Up/0k1qS5+79cVHI9+H33dKya5YNb9hxl0ZnDaDgvrZSuYFBhkCK/HOnqN7gefkQ=="
    },
    "quickselect": {
      "version": "2.0.0",
      "resolved": "https://registry.npmjs.org/quickselect/-/quickselect-2.0.0.tgz",
      "integrity": "sha512-RKJ22hX8mHe3Y6wH/N3wCM6BWtjaxIyyUIkpHOvfFnxdI4yD4tBXEBKSbriGujF6jnSVkJrffuo6vxACiSSxIw=="
    },
    "rbush": {
      "version": "3.0.1",
      "resolved": "https://registry.npmjs.org/rbush/-/rbush-3.0.1.tgz",
      "integrity": "sha512-XRaVO0YecOpEuIvbhbpTrZgoiI6xBlz6hnlr6EHhd+0x9ase6EmeN+hdwwUaJvLcsFFQ8iWVF1GAK1yB0BWi0w==",
      "requires": {
        "quickselect": "^2.0.0"
      }
    },
    "sat": {
      "version": "0.9.0",
      "resolved": "https://registry.npmjs.org/sat/-/sat-0.9.0.tgz",
      "integrity": "sha512-mxdv5RZJO4tdMnUURGU3gAMcnDUEwcNJwE+lPO0/V+rBeDvFLH3wEZEOR0fH7cTN0zQaNxBEbHnyQL9DzupwQQ=="
    },
    "uuid": {
      "version": "8.3.2",
      "resolved": "https://registry.npmjs.org/uuid/-/uuid-8.3.2.tgz",
      "integrity": "sha512-+NYs2QeMWy+GWFOEm9xnn6HCDp0l7QBD7ml8zLUmJ+93Q5NF0NocErnwkTkXVFNiX3/fpC6afS8Dhb/gz7R7eg=="
    },
    "uuid-by-string": {
      "version": "4.0.0",
      "resolved": "https://registry.npmjs.org/uuid-by-string/-/uuid-by-string-4.0.0.tgz",
      "integrity": "sha512-88ZSfcSkN04juiLqSsuyteqlSrXNFdsEPzSv3urnElDXNsZUXQN0smeTnh99x2DE15SCUQNgqKBfro54CuzHNQ==",
      "requires": {
        "js-md5": "^0.7.3",
        "js-sha1": "^0.6.0"
      }
    },
    "ws": {
      "version": "8.14.1",
      "resolved": "https://registry.npmjs.org/ws/-/ws-8.14.1.tgz",
      "integrity": "sha512-4OOseMUq8AzRBI/7SLMUwO+FEDnguetSk7KMb1sHwvF2w2Wv5Hoj0nlifx8vtGsftE/jWHojPy8sMMzYLJ2G/A==",
      "requires": {}
    },
    "yaml": {
      "version": "2.3.2",
      "resolved": "https://registry.npmjs.org/yaml/-/yaml-2.3.2.tgz",
      "integrity": "sha512-N/lyzTPaJasoDmfV7YTrYCI0G/3ivm/9wdG0aHuheKowWQwGTsK0Eoiw6utmzAnI6pkJa0DUVygvp3spqqEKXg=="
    }
  }
}
