{
  "name": "tmb-host",
  "version": "0.4.0",
  "lockfileVersion": 3,
  "requires": true,
  "packages": {
    "": {
      "name": "tmb-host",
      "version": "0.4.0",
      "license": "ISC",
      "dependencies": {
        "@ellementul/uee-timeticker": "^2.0.0",
        "@ellementul/united-events-environment": "^2.0.2",
        "detect-collisions": "^9.1.1",
        "yaml": "^2.3.2"
      }
    },
    "node_modules/@ellementul/message-types": {
      "version": "3.0.0",
      "resolved": "https://registry.npmjs.org/@ellementul/message-types/-/message-types-3.0.0.tgz",
      "integrity": "sha512-K+anGK7TehY7/AOPWJmffZ7vE4XoB7S8Xa+LWD9nIWsgI//+M568HrG2GRqaxcRQ2hFSGgR/kJMpxkA2XusEsg==",
      "dependencies": {
        "uuid": "^9.0.0"
      }
    },
    "node_modules/@ellementul/uee-core": {
      "version": "2.1.0",
      "resolved": "https://registry.npmjs.org/@ellementul/uee-core/-/uee-core-2.1.0.tgz",
      "integrity": "sha512-XBeDwVYkd/mb21701deA5qeht7jkC8YXearXMqPZRtNdZlchs0kO96kG9gEKWxVGixER7XdJqcEsj7Eonh3U/g==",
      "dependencies": {
        "@ellementul/message-types": "^3.0.0",
        "@ellementul/uuid-by-string": "^1.0.0",
        "mergician": "^1.1.0"
      }
    },
    "node_modules/@ellementul/uee-timeticker": {
      "version": "2.0.0",
      "resolved": "https://registry.npmjs.org/@ellementul/uee-timeticker/-/uee-timeticker-2.0.0.tgz",
      "integrity": "sha512-3YHAbCySnlpVZp4CF2nUPPCQebHlw22XHbw4Emc8Hsex3C0eNqmbxjVy6hdbEjw2rL9ewftgvA82DTYgktjSbA==",
      "dependencies": {
        "@ellementul/uee-core": "^2.0.0"
      }
    },
    "node_modules/@ellementul/united-events-environment": {
      "version": "2.0.3",
      "resolved": "https://registry.npmjs.org/@ellementul/united-events-environment/-/united-events-environment-2.0.3.tgz",
      "integrity": "sha512-Gw/cJqaDR+GLcqwYT8L3hRaRVQPvUBf0n+SQfWIu+/IFo44IVrGZR4aYnmuIvnpo3nZU30UP8vABPpPTLH4AzA==",
      "dependencies": {
        "@ellementul/uee-core": "^2.0.1",
        "@ellementul/uee-timeticker": "^2.0.0"
      }
    },
    "node_modules/@ellementul/uuid-by-string": {
      "version": "1.0.0",
      "resolved": "https://registry.npmjs.org/@ellementul/uuid-by-string/-/uuid-by-string-1.0.0.tgz",
      "integrity": "sha512-1WZ8RZB9iBKBMEzB8O3OZ1VjmFwD2v1AOEQRVJI23UOLQ9EciUyhHA/6EU7ym6wfug7bXhi4dr/YipEtD+FhHQ==",
      "dependencies": {
        "js-sha1": "^0.6.0",
        "jssha": "^3.3.1"
      }
    },
    "node_modules/@types/rbush": {
      "version": "3.0.0",
      "resolved": "https://registry.npmjs.org/@types/rbush/-/rbush-3.0.0.tgz",
      "integrity": "sha512-W3ue/GYWXBOpkRm0VSoifrP3HV0Ni47aVJWvXyWMcbtpBy/l/K/smBRiJ+fI8f7shXRjZBiux+iJzYbh7VmcZg=="
    },
    "node_modules/@types/sat": {
      "version": "0.0.32",
      "resolved": "https://registry.npmjs.org/@types/sat/-/sat-0.0.32.tgz",
      "integrity": "sha512-8NNFy0zS/k1N7d9aJ0PpqV2hJoMLxlLN17GAqItd1t60CBvzfKRC9uWUzBNuhup51aUy9o87toQk/NWHctWRtw=="
    },
    "node_modules/detect-collisions": {
      "version": "9.2.2",
      "resolved": "https://registry.npmjs.org/detect-collisions/-/detect-collisions-9.2.2.tgz",
      "integrity": "sha512-yQy8ynhf4SawiorQ23wY128nyR9hQt0u07b5aoBB5OfOxsGq17qScUqgxJn7cndcO+kHwTMxJk9Pf/2Xl3C6SA==",
      "dependencies": {
        "@types/rbush": "^3.0.0",
        "@types/sat": "^0.0.32",
        "poly-decomp": "^0.3.0",
        "rbush": "^3.0.1",
        "sat": "^0.9.0"
      }
    },
    "node_modules/js-sha1": {
      "version": "0.6.0",
      "resolved": "https://registry.npmjs.org/js-sha1/-/js-sha1-0.6.0.tgz",
      "integrity": "sha512-01gwBFreYydzmU9BmZxpVk6svJJHrVxEN3IOiGl6VO93bVKYETJ0sIth6DASI6mIFdt7NmfX9UiByRzsYHGU9w=="
    },
    "node_modules/jssha": {
      "version": "3.3.1",
      "resolved": "https://registry.npmjs.org/jssha/-/jssha-3.3.1.tgz",
      "integrity": "sha512-VCMZj12FCFMQYcFLPRm/0lOBbLi8uM2BhXPTqw3U4YAfs4AZfiApOoBLoN8cQE60Z50m1MYMTQVCfgF/KaCVhQ==",
      "engines": {
        "node": "*"
      }
    },
    "node_modules/mergician": {
      "version": "1.1.0",
      "resolved": "https://registry.npmjs.org/mergician/-/mergician-1.1.0.tgz",
      "integrity": "sha512-FXbxzU6BBhGkV8XtUr8Sk015ZRaAALviit8Lle6OEgd1udX8wlu6tBeUMLGQGdz1MfHpAVNNQkXowyDnJuhXpA==",
      "engines": {
        "node": ">=10.0.0"
      }
    },
    "node_modules/poly-decomp": {
      "version": "0.3.0",
      "resolved": "https://registry.npmjs.org/poly-decomp/-/poly-decomp-0.3.0.tgz",
      "integrity": "sha512-hWeBxGzPYiybmI4548Fca7Up/0k1qS5+79cVHI9+H33dKya5YNb9hxl0ZnDaDgvrZSuYFBhkCK/HOnqN7gefkQ==",
      "engines": {
        "node": "*"
      }
    },
    "node_modules/quickselect": {
      "version": "2.0.0",
      "resolved": "https://registry.npmjs.org/quickselect/-/quickselect-2.0.0.tgz",
      "integrity": "sha512-RKJ22hX8mHe3Y6wH/N3wCM6BWtjaxIyyUIkpHOvfFnxdI4yD4tBXEBKSbriGujF6jnSVkJrffuo6vxACiSSxIw=="
    },
    "node_modules/rbush": {
      "version": "3.0.1",
      "resolved": "https://registry.npmjs.org/rbush/-/rbush-3.0.1.tgz",
      "integrity": "sha512-XRaVO0YecOpEuIvbhbpTrZgoiI6xBlz6hnlr6EHhd+0x9ase6EmeN+hdwwUaJvLcsFFQ8iWVF1GAK1yB0BWi0w==",
      "dependencies": {
        "quickselect": "^2.0.0"
      }
    },
    "node_modules/sat": {
      "version": "0.9.0",
      "resolved": "https://registry.npmjs.org/sat/-/sat-0.9.0.tgz",
      "integrity": "sha512-mxdv5RZJO4tdMnUURGU3gAMcnDUEwcNJwE+lPO0/V+rBeDvFLH3wEZEOR0fH7cTN0zQaNxBEbHnyQL9DzupwQQ=="
    },
    "node_modules/uuid": {
      "version": "9.0.1",
      "resolved": "https://registry.npmjs.org/uuid/-/uuid-9.0.1.tgz",
      "integrity": "sha512-b+1eJOlsR9K8HJpow9Ok3fiWOWSIcIzXodvv0rQjVoOVNpWMpxf1wZNpt4y9h10odCNrqnYp1OBzRktckBe3sA==",
      "funding": [
        "https://github.com/sponsors/broofa",
        "https://github.com/sponsors/ctavan"
      ],
      "bin": {
        "uuid": "dist/bin/uuid"
      }
    },
    "node_modules/yaml": {
      "version": "2.3.3",
      "resolved": "https://registry.npmjs.org/yaml/-/yaml-2.3.3.tgz",
      "integrity": "sha512-zw0VAJxgeZ6+++/su5AFoqBbZbrEakwu+X0M5HmcwUiBL7AzcuPKjj5we4xfQLp78LkEMpD0cOnUhmgOVy3KdQ==",
      "engines": {
        "node": ">= 14"
      }
    }
  }
}
